
Microsoft Visual Studio Solution File, Format Version 12.00
# Visual Studio Version 17
VisualStudioVersion = 17.7.34202.233
MinimumVisualStudioVersion = 10.0.40219.1
Project("{8BC9CEB8-8B4A-11D0-8D11-00A0C91BC942}") = "Isometric", "Isometric\Isometric.vcxproj", "{CE8C620C-FB00-415B-AF36-CDF12CA0832B}"
EndProject
Global
	GlobalSection(SolutionConfigurationPlatforms) = preSolution
		Debug|x64 = Debug|x64
		Debug|x86 = Debug|x86
		Release|x64 = Release|x64
		Release|x86 = Release|x86
	EndGlobalSection
	GlobalSection(ProjectConfigurationPlatforms) = postSolution
		{CE8C620C-FB00-415B-AF36-CDF12CA0832B}.Debug|x64.ActiveCfg = Debug|x64
		{CE8C620C-FB00-415B-AF36-CDF12CA0832B}.Debug|x64.Build.0 = Debug|x64
		{CE8C620C-FB00-415B-AF36-CDF12CA0832B}.Debug|x86.ActiveCfg = Debug|Win32
		{CE8C620C-FB00-415B-AF36-CDF12CA0832B}.Debug|x86.Build.0 = Debug|Win32
		{CE8C620C-FB00-415B-AF36-CDF12CA0832B}.Release|x64.ActiveCfg = Release|x64
		{CE8C620C-FB00-415B-AF36-CDF12CA0832B}.Release|x64.Build.0 = Release|x64
		{CE8C620C-FB00-415B-AF36-CDF12CA0832B}.Release|x86.ActiveCfg = Release|Win32
		{CE8C620C-FB00-415B-AF36-CDF12CA0832B}.Release|x86.Build.0 = Release|Win32
	EndGlobalSection
	GlobalSection(SolutionProperties) = preSolution
		HideSolutionNode = FALSE
	EndGlobalSection
	GlobalSection(ExtensibilityGlobals) = postSolution
		SolutionGuid = {D439EB2A-5785-477C-8ED1-66D657ECA1F5}
	EndGlobalSection
EndGlobal
